// !$*UTF8*$!
{
	archiveVersion = 1;
	classes = {
	};
	objectVersion = 50;
	objects = {

/* Begin PBXBuildFile section */
		4C86BDFE272BA7ED000BC2C5 /* Main.storyboard in Resources */ = {isa = PBXBuildFile; fileRef = 4C86BDFC272BA7ED000BC2C5 /* Main.storyboard */; };
		4C86BE00272BA814000BC2C5 /* Assets.xcassets in Resources */ = {isa = PBXBuildFile; fileRef = 4C86BDFF272BA814000BC2C5 /* Assets.xcassets */; };
		4C86BE03272BAA4D000BC2C5 /* ESRC_Heart_SDK_iOS.framework in Frameworks */ = {isa = PBXBuildFile; fileRef = 4C86BE01272BAA48000BC2C5 /* ESRC_Heart_SDK_iOS.framework */; };
		4C86BE04272BAA4D000BC2C5 /* ESRC_Heart_SDK_iOS.framework in Embed Frameworks */ = {isa = PBXBuildFile; fileRef = 4C86BE01272BAA48000BC2C5 /* ESRC_Heart_SDK_iOS.framework */; settings = {ATTRIBUTES = (CodeSignOnCopy, RemoveHeadersOnCopy, ); }; };
		4CD12CA5272694D2006AEBEE /* AppDelegate.swift in Sources */ = {isa = PBXBuildFile; fileRef = 4CD12CA4272694D2006AEBEE /* AppDelegate.swift */; };
		4CD12CA7272694D2006AEBEE /* SceneDelegate.swift in Sources */ = {isa = PBXBuildFile; fileRef = 4CD12CA6272694D2006AEBEE /* SceneDelegate.swift */; };
		4CD12CA9272694D2006AEBEE /* ViewController.swift in Sources */ = {isa = PBXBuildFile; fileRef = 4CD12CA8272694D2006AEBEE /* ViewController.swift */; };
		4CD12CB1272694D3006AEBEE /* LaunchScreen.storyboard in Resources */ = {isa = PBXBuildFile; fileRef = 4CD12CAF272694D3006AEBEE /* LaunchScreen.storyboard */; };
		4CD12CBD27269546006AEBEE /* README.md in Resources */ = {isa = PBXBuildFile; fileRef = 4CD12CBC27269546006AEBEE /* README.md */; };
		4CD12CD3272696DF006AEBEE /* esrc_ssd_mobilenet_face_detection.prototxt in Resources */ = {isa = PBXBuildFile; fileRef = 4CD12CCF272696DF006AEBEE /* esrc_ssd_mobilenet_face_detection.prototxt */; };
		4CD12CD4272696E0006AEBEE /* esrc_ssd_mobilenet_face_detection.caffemodel in Resources */ = {isa = PBXBuildFile; fileRef = 4CD12CD0272696DF006AEBEE /* esrc_ssd_mobilenet_face_detection.caffemodel */; };
		4CD12CE52726A2F8006AEBEE /* CircularProgressBarView.swift in Sources */ = {isa = PBXBuildFile; fileRef = 4CD12CE42726A2F8006AEBEE /* CircularProgressBarView.swift */; };
/* End PBXBuildFile section */

/* Begin PBXCopyFilesBuildPhase section */
		4CD12CCB272696B3006AEBEE /* Embed Frameworks */ = {
			isa = PBXCopyFilesBuildPhase;
			buildActionMask = 2147483647;
			dstPath = "";
			dstSubfolderSpec = 10;
			files = (
				4C86BE04272BAA4D000BC2C5 /* ESRC_Heart_SDK_iOS.framework in Embed Frameworks */,
			);
			name = "Embed Frameworks";
			runOnlyForDeploymentPostprocessing = 0;
		};
/* End PBXCopyFilesBuildPhase section */

/* Begin PBXFileReference section */
		4C86BDFD272BA7ED000BC2C5 /* Base */ = {isa = PBXFileReference; lastKnownFileType = file.storyboard; name = Base; path = Base.lproj/Main.storyboard; sourceTree = "<group>"; };
		4C86BDFF272BA814000BC2C5 /* Assets.xcassets */ = {isa = PBXFileReference; lastKnownFileType = folder.assetcatalog; path = Assets.xcassets; sourceTree = "<group>"; };
		4C86BE01272BAA48000BC2C5 /* ESRC_Heart_SDK_iOS.framework */ = {isa = PBXFileReference; lastKnownFileType = wrapper.framework; path = ESRC_Heart_SDK_iOS.framework; sourceTree = "<group>"; };
		4CD12CA1272694D2006AEBEE /* ESRC-Heart-iOS.app */ = {isa = PBXFileReference; explicitFileType = wrapper.application; includeInIndex = 0; path = "ESRC-Heart-iOS.app"; sourceTree = BUILT_PRODUCTS_DIR; };
		4CD12CA4272694D2006AEBEE /* AppDelegate.swift */ = {isa = PBXFileReference; lastKnownFileType = sourcecode.swift; path = AppDelegate.swift; sourceTree = "<group>"; };
		4CD12CA6272694D2006AEBEE /* SceneDelegate.swift */ = {isa = PBXFileReference; lastKnownFileType = sourcecode.swift; path = SceneDelegate.swift; sourceTree = "<group>"; };
		4CD12CA8272694D2006AEBEE /* ViewController.swift */ = {isa = PBXFileReference; lastKnownFileType = sourcecode.swift; path = ViewController.swift; sourceTree = "<group>"; };
		4CD12CB0272694D3006AEBEE /* Base */ = {isa = PBXFileReference; lastKnownFileType = file.storyboard; name = Base; path = Base.lproj/LaunchScreen.storyboard; sourceTree = "<group>"; };
		4CD12CB2272694D3006AEBEE /* Info.plist */ = {isa = PBXFileReference; lastKnownFileType = text.plist.xml; path = Info.plist; sourceTree = "<group>"; };
		4CD12CBC27269546006AEBEE /* README.md */ = {isa = PBXFileReference; fileEncoding = 4; lastKnownFileType = net.daringfireball.markdown; path = README.md; sourceTree = "<group>"; };
		4CD12CCF272696DF006AEBEE /* esrc_ssd_mobilenet_face_detection.prototxt */ = {isa = PBXFileReference; fileEncoding = 4; lastKnownFileType = text; path = esrc_ssd_mobilenet_face_detection.prototxt; sourceTree = "<group>"; };
		4CD12CD0272696DF006AEBEE /* esrc_ssd_mobilenet_face_detection.caffemodel */ = {isa = PBXFileReference; lastKnownFileType = file; path = esrc_ssd_mobilenet_face_detection.caffemodel; sourceTree = "<group>"; };
		4CD12CE42726A2F8006AEBEE /* CircularProgressBarView.swift */ = {isa = PBXFileReference; fileEncoding = 4; lastKnownFileType = sourcecode.swift; path = CircularProgressBarView.swift; sourceTree = "<group>"; };
/* End PBXFileReference section */

/* Begin PBXFrameworksBuildPhase section */
		4CD12C9E272694D2006AEBEE /* Frameworks */ = {
			isa = PBXFrameworksBuildPhase;
			buildActionMask = 2147483647;
			files = (
				4C86BE03272BAA4D000BC2C5 /* ESRC_Heart_SDK_iOS.framework in Frameworks */,
			);
			runOnlyForDeploymentPostprocessing = 0;
		};
/* End PBXFrameworksBuildPhase section */

/* Begin PBXGroup section */
		4CD12C98272694D2006AEBEE = {
			isa = PBXGroup;
			children = (
				4CD12CBC27269546006AEBEE /* README.md */,
				4CD12CB9272694EA006AEBEE /* Frameworks */,
				4CD12CA3272694D2006AEBEE /* ESRC-Heart-iOS */,
				4CD12CA2272694D2006AEBEE /* Products */,
			);
			sourceTree = "<group>";
		};
		4CD12CA2272694D2006AEBEE /* Products */ = {
			isa = PBXGroup;
			children = (
				4CD12CA1272694D2006AEBEE /* ESRC-Heart-iOS.app */,
			);
			name = Products;
			sourceTree = "<group>";
		};
		4CD12CA3272694D2006AEBEE /* ESRC-Heart-iOS */ = {
			isa = PBXGroup;
			children = (
				4CD12CCC272696DF006AEBEE /* assets */,
				4CD12CA4272694D2006AEBEE /* AppDelegate.swift */,
				4CD12CE42726A2F8006AEBEE /* CircularProgressBarView.swift */,
				4CD12CA6272694D2006AEBEE /* SceneDelegate.swift */,
				4CD12CA8272694D2006AEBEE /* ViewController.swift */,
				4C86BDFC272BA7ED000BC2C5 /* Main.storyboard */,
				4CD12CAF272694D3006AEBEE /* LaunchScreen.storyboard */,
				4C86BDFF272BA814000BC2C5 /* Assets.xcassets */,
				4CD12CB2272694D3006AEBEE /* Info.plist */,
			);
			path = "ESRC-Heart-iOS";
			sourceTree = "<group>";
		};
		4CD12CB9272694EA006AEBEE /* Frameworks */ = {
			isa = PBXGroup;
			children = (
				4C86BE01272BAA48000BC2C5 /* ESRC_Heart_SDK_iOS.framework */,
			);
			path = Frameworks;
			sourceTree = "<group>";
		};
		4CD12CCC272696DF006AEBEE /* assets */ = {
			isa = PBXGroup;
			children = (
				4CD12CCF272696DF006AEBEE /* esrc_ssd_mobilenet_face_detection.prototxt */,
				4CD12CD0272696DF006AEBEE /* esrc_ssd_mobilenet_face_detection.caffemodel */,
			);
			path = assets;
			sourceTree = "<group>";
		};
/* End PBXGroup section */

/* Begin PBXNativeTarget section */
		4CD12CA0272694D2006AEBEE /* ESRC-Heart-iOS */ = {
			isa = PBXNativeTarget;
			buildConfigurationList = 4CD12CB5272694D3006AEBEE /* Build configuration list for PBXNativeTarget "ESRC-Heart-iOS" */;
			buildPhases = (
				4CD12C9D272694D2006AEBEE /* Sources */,
				4CD12C9E272694D2006AEBEE /* Frameworks */,
				4CD12C9F272694D2006AEBEE /* Resources */,
				4CD12CCB272696B3006AEBEE /* Embed Frameworks */,
			);
			buildRules = (
			);
			dependencies = (
			);
			name = "ESRC-Heart-iOS";
			productName = "ESRC-Heart-iOS";
			productReference = 4CD12CA1272694D2006AEBEE /* ESRC-Heart-iOS.app */;
			productType = "com.apple.product-type.application";
		};
/* End PBXNativeTarget section */

/* Begin PBXProject section */
		4CD12C99272694D2006AEBEE /* Project object */ = {
			isa = PBXProject;
			attributes = {
				LastSwiftUpdateCheck = 1240;
				LastUpgradeCheck = 1240;
				TargetAttributes = {
					4CD12CA0272694D2006AEBEE = {
						CreatedOnToolsVersion = 12.4;
					};
				};
			};
			buildConfigurationList = 4CD12C9C272694D2006AEBEE /* Build configuration list for PBXProject "ESRC-Heart-iOS" */;
			compatibilityVersion = "Xcode 9.3";
			developmentRegion = en;
			hasScannedForEncodings = 0;
			knownRegions = (
				en,
				Base,
			);
			mainGroup = 4CD12C98272694D2006AEBEE;
			productRefGroup = 4CD12CA2272694D2006AEBEE /* Products */;
			projectDirPath = "";
			projectRoot = "";
			targets = (
				4CD12CA0272694D2006AEBEE /* ESRC-Heart-iOS */,
			);
		};
/* End PBXProject section */

/* Begin PBXResourcesBuildPhase section */
		4CD12C9F272694D2006AEBEE /* Resources */ = {
			isa = PBXResourcesBuildPhase;
			buildActionMask = 2147483647;
			files = (
				4CD12CD4272696E0006AEBEE /* esrc_ssd_mobilenet_face_detection.caffemodel in Resources */,
				4CD12CB1272694D3006AEBEE /* LaunchScreen.storyboard in Resources */,
				4C86BDFE272BA7ED000BC2C5 /* Main.storyboard in Resources */,
				4CD12CD3272696DF006AEBEE /* esrc_ssd_mobilenet_face_detection.prototxt in Resources */,
				4C86BE00272BA814000BC2C5 /* Assets.xcassets in Resources */,
				4CD12CBD27269546006AEBEE /* README.md in Resources */,
			);
			runOnlyForDeploymentPostprocessing = 0;
		};
/* End PBXResourcesBuildPhase section */

/* Begin PBXSourcesBuildPhase section */
		4CD12C9D272694D2006AEBEE /* Sources */ = {
			isa = PBXSourcesBuildPhase;
			buildActionMask = 2147483647;
			files = (
				4CD12CA9272694D2006AEBEE /* ViewController.swift in Sources */,
				4CD12CA5272694D2006AEBEE /* AppDelegate.swift in Sources */,
				4CD12CE52726A2F8006AEBEE /* CircularProgressBarView.swift in Sources */,
				4CD12CA7272694D2006AEBEE /* SceneDelegate.swift in Sources */,
			);
			runOnlyForDeploymentPostprocessing = 0;
		};
/* End PBXSourcesBuildPhase section */

/* Begin PBXVariantGroup section */
		4C86BDFC272BA7ED000BC2C5 /* Main.storyboard */ = {
			isa = PBXVariantGroup;
			children = (
				4C86BDFD272BA7ED000BC2C5 /* Base */,
			);
			name = Main.storyboard;
			sourceTree = "<group>";
		};
		4CD12CAF272694D3006AEBEE /* LaunchScreen.storyboard */ = {
			isa = PBXVariantGroup;
			children = (
				4CD12CB0272694D3006AEBEE /* Base */,
			);
			name = LaunchScreen.storyboard;
			sourceTree = "<group>";
		};
/* End PBXVariantGroup section */

/* Begin XCBuildConfiguration section */
		4CD12CB3272694D3006AEBEE /* Debug */ = {
			isa = XCBuildConfiguration;
			buildSettings = {
				ALWAYS_SEARCH_USER_PATHS = NO;
				CLANG_ANALYZER_NONNULL = YES;
				CLANG_ANALYZER_NUMBER_OBJECT_CONVERSION = YES_AGGRESSIVE;
				CLANG_CXX_LANGUAGE_STANDARD = "gnu++14";
				CLANG_CXX_LIBRARY = "libc++";
				CLANG_ENABLE_MODULES = YES;
				CLANG_ENABLE_OBJC_ARC = YES;
				CLANG_ENABLE_OBJC_WEAK = YES;
				CLANG_WARN_BLOCK_CAPTURE_AUTORELEASING = YES;
				CLANG_WARN_BOOL_CONVERSION = YES;
				CLANG_WARN_COMMA = YES;
				CLANG_WARN_CONSTANT_CONVERSION = YES;
				CLANG_WARN_DEPRECATED_OBJC_IMPLEMENTATIONS = YES;
				CLANG_WARN_DIRECT_OBJC_ISA_USAGE = YES_ERROR;
				CLANG_WARN_DOCUMENTATION_COMMENTS = YES;
				CLANG_WARN_EMPTY_BODY = YES;
				CLANG_WARN_ENUM_CONVERSION = YES;
				CLANG_WARN_INFINITE_RECURSION = YES;
				CLANG_WARN_INT_CONVERSION = YES;
				CLANG_WARN_NON_LITERAL_NULL_CONVERSION = YES;
				CLANG_WARN_OBJC_IMPLICIT_RETAIN_SELF = YES;
				CLANG_WARN_OBJC_LITERAL_CONVERSION = YES;
				CLANG_WARN_OBJC_ROOT_CLASS = YES_ERROR;
				CLANG_WARN_QUOTED_INCLUDE_IN_FRAMEWORK_HEADER = YES;
				CLANG_WARN_RANGE_LOOP_ANALYSIS = YES;
				CLANG_WARN_STRICT_PROTOTYPES = YES;
				CLANG_WARN_SUSPICIOUS_MOVE = YES;
				CLANG_WARN_UNGUARDED_AVAILABILITY = YES_AGGRESSIVE;
				CLANG_WARN_UNREACHABLE_CODE = YES;
				CLANG_WARN__DUPLICATE_METHOD_MATCH = YES;
				COPY_PHASE_STRIP = NO;
				DEBUG_INFORMATION_FORMAT = dwarf;
				ENABLE_STRICT_OBJC_MSGSEND = YES;
				ENABLE_TESTABILITY = YES;
				GCC_C_LANGUAGE_STANDARD = gnu11;
				GCC_DYNAMIC_NO_PIC = NO;
				GCC_NO_COMMON_BLOCKS = YES;
				GCC_OPTIMIZATION_LEVEL = 0;
				GCC_PREPROCESSOR_DEFINITIONS = (
					"DEBUG=1",
					"$(inherited)",
				);
				GCC_WARN_64_TO_32_BIT_CONVERSION = YES;
				GCC_WARN_ABOUT_RETURN_TYPE = YES_ERROR;
				GCC_WARN_UNDECLARED_SELECTOR = YES;
				GCC_WARN_UNINITIALIZED_AUTOS = YES_AGGRESSIVE;
				GCC_WARN_UNUSED_FUNCTION = YES;
				GCC_WARN_UNUSED_VARIABLE = YES;
				IPHONEOS_DEPLOYMENT_TARGET = 13.0;
				MTL_ENABLE_DEBUG_INFO = INCLUDE_SOURCE;
				MTL_FAST_MATH = YES;
				ONLY_ACTIVE_ARCH = YES;
				SDKROOT = iphoneos;
				SWIFT_ACTIVE_COMPILATION_CONDITIONS = DEBUG;
				SWIFT_OPTIMIZATION_LEVEL = "-Onone";
			};
			name = Debug;
		};
		4CD12CB4272694D3006AEBEE /* Release */ = {
			isa = XCBuildConfiguration;
			buildSettings = {
				ALWAYS_SEARCH_USER_PATHS = NO;
				CLANG_ANALYZER_NONNULL = YES;
				CLANG_ANALYZER_NUMBER_OBJECT_CONVERSION = YES_AGGRESSIVE;
				CLANG_CXX_LANGUAGE_STANDARD = "gnu++14";
				CLANG_CXX_LIBRARY = "libc++";
				CLANG_ENABLE_MODULES = YES;
				CLANG_ENABLE_OBJC_ARC = YES;
				CLANG_ENABLE_OBJC_WEAK = YES;
				CLANG_WARN_BLOCK_CAPTURE_AUTORELEASING = YES;
				CLANG_WARN_BOOL_CONVERSION = YES;
				CLANG_WARN_COMMA = YES;
				CLANG_WARN_CONSTANT_CONVERSION = YES;
				CLANG_WARN_DEPRECATED_OBJC_IMPLEMENTATIONS = YES;
				CLANG_WARN_DIRECT_OBJC_ISA_USAGE = YES_ERROR;
				CLANG_WARN_DOCUMENTATION_COMMENTS = YES;
				CLANG_WARN_EMPTY_BODY = YES;
				CLANG_WARN_ENUM_CONVERSION = YES;
				CLANG_WARN_INFINITE_RECURSION = YES;
				CLANG_WARN_INT_CONVERSION = YES;
				CLANG_WARN_NON_LITERAL_NULL_CONVERSION = YES;
				CLANG_WARN_OBJC_IMPLICIT_RETAIN_SELF = YES;
				CLANG_WARN_OBJC_LITERAL_CONVERSION = YES;
				CLANG_WARN_OBJC_ROOT_CLASS = YES_ERROR;
				CLANG_WARN_QUOTED_INCLUDE_IN_FRAMEWORK_HEADER = YES;
				CLANG_WARN_RANGE_LOOP_ANALYSIS = YES;
				CLANG_WARN_STRICT_PROTOTYPES = YES;
				CLANG_WARN_SUSPICIOUS_MOVE = YES;
				CLANG_WARN_UNGUARDED_AVAILABILITY = YES_AGGRESSIVE;
				CLANG_WARN_UNREACHABLE_CODE = YES;
				CLANG_WARN__DUPLICATE_METHOD_MATCH = YES;
				COPY_PHASE_STRIP = NO;
				DEBUG_INFORMATION_FORMAT = "dwarf-with-dsym";
				ENABLE_NS_ASSERTIONS = NO;
				ENABLE_STRICT_OBJC_MSGSEND = YES;
				GCC_C_LANGUAGE_STANDARD = gnu11;
				GCC_NO_COMMON_BLOCKS = YES;
				GCC_WARN_64_TO_32_BIT_CONVERSION = YES;
				GCC_WARN_ABOUT_RETURN_TYPE = YES_ERROR;
				GCC_WARN_UNDECLARED_SELECTOR = YES;
				GCC_WARN_UNINITIALIZED_AUTOS = YES_AGGRESSIVE;
				GCC_WARN_UNUSED_FUNCTION = YES;
				GCC_WARN_UNUSED_VARIABLE = YES;
				IPHONEOS_DEPLOYMENT_TARGET = 13.0;
				MTL_ENABLE_DEBUG_INFO = NO;
				MTL_FAST_MATH = YES;
				SDKROOT = iphoneos;
				SWIFT_COMPILATION_MODE = wholemodule;
				SWIFT_OPTIMIZATION_LEVEL = "-O";
				VALIDATE_PRODUCT = YES;
			};
			name = Release;
		};
		4CD12CB6272694D3006AEBEE /* Debug */ = {
			isa = XCBuildConfiguration;
			buildSettings = {
				ASSETCATALOG_COMPILER_APPICON_NAME = AppIcon;
				ASSETCATALOG_COMPILER_GLOBAL_ACCENT_COLOR_NAME = AccentColor;
				CODE_SIGN_STYLE = Automatic;
				DEVELOPMENT_TEAM = B8H9W99437;
				FRAMEWORK_SEARCH_PATHS = (
					"$(inherited)",
					"$(PROJECT_DIR)/Frameworks",
				);
				INFOPLIST_FILE = "ESRC-Heart-iOS/Info.plist";
				LD_RUNPATH_SEARCH_PATHS = (
					"$(inherited)",
					"@executable_path/Frameworks",
				);
				MARKETING_VERSION = 1.0.0;
				PRODUCT_BUNDLE_IDENTIFIER = com.esrc.heart.ios;
				PRODUCT_NAME = "$(TARGET_NAME)";
				SWIFT_VERSION = 5.0;
				TARGETED_DEVICE_FAMILY = "1,2";
			};
			name = Debug;
		};
		4CD12CB7272694D3006AEBEE /* Release */ = {
			isa = XCBuildConfiguration;
			buildSettings = {
				ASSETCATALOG_COMPILER_APPICON_NAME = AppIcon;
				ASSETCATALOG_COMPILER_GLOBAL_ACCENT_COLOR_NAME = AccentColor;
				CODE_SIGN_STYLE = Automatic;
				DEVELOPMENT_TEAM = B8H9W99437;
				FRAMEWORK_SEARCH_PATHS = (
					"$(inherited)",
					"$(PROJECT_DIR)/Frameworks",
				);
				INFOPLIST_FILE = "ESRC-Heart-iOS/Info.plist";
				LD_RUNPATH_SEARCH_PATHS = (
					"$(inherited)",
					"@executable_path/Frameworks",
				);
				MARKETING_VERSION = 1.0.0;
				PRODUCT_BUNDLE_IDENTIFIER = com.esrc.heart.ios;
				PRODUCT_NAME = "$(TARGET_NAME)";
				SWIFT_VERSION = 5.0;
				TARGETED_DEVICE_FAMILY = "1,2";
			};
			name = Release;
		};
/* End XCBuildConfiguration section */

/* Begin XCConfigurationList section */
		4CD12C9C272694D2006AEBEE /* Build configuration list for PBXProject "ESRC-Heart-iOS" */ = {
			isa = XCConfigurationList;
			buildConfigurations = (
				4CD12CB3272694D3006AEBEE /* Debug */,
				4CD12CB4272694D3006AEBEE /* Release */,
			);
			defaultConfigurationIsVisible = 0;
			defaultConfigurationName = Release;
		};
		4CD12CB5272694D3006AEBEE /* Build configuration list for PBXNativeTarget "ESRC-Heart-iOS" */ = {
			isa = XCConfigurationList;
			buildConfigurations = (
				4CD12CB6272694D3006AEBEE /* Debug */,
				4CD12CB7272694D3006AEBEE /* Release */,
			);
			defaultConfigurationIsVisible = 0;
			defaultConfigurationName = Release;
		};
/* End XCConfigurationList section */
	};
	rootObject = 4CD12C99272694D2006AEBEE /* Project object */;
}
